
Microsoft Visual Studio Solution File, Format Version 12.00
# Visual Studio 15
VisualStudioVersion = 15.0.27703.2042
MinimumVisualStudioVersion = 10.0.40219.1
Project("{2150E333-8FDC-42A3-9474-1A3956D46DE8}") = "src", "src", "{23F90412-4FAC-47EE-A82B-5173C3A62C84}"
EndProject
Project("{2150E333-8FDC-42A3-9474-1A3956D46DE8}") = "test", "test", "{681CCFFF-3315-4F86-A333-FD60907F0AA6}"
EndProject
Project("{9A19103F-16F7-4668-BE54-9A1E7A4F7556}") = "TakeMyDogPlease.Register", "src\TakeMyDogPlease.Register\TakeMyDogPlease.Register.csproj", "{9C9D6260-E638-46A0-977A-A27F0F30993B}"
EndProject
Global
	GlobalSection(SolutionConfigurationPlatforms) = preSolution
		Debug|Any CPU = Debug|Any CPU
		Release|Any CPU = Release|Any CPU
	EndGlobalSection
	GlobalSection(ProjectConfigurationPlatforms) = postSolution
		{9C9D6260-E638-46A0-977A-A27F0F30993B}.Debug|Any CPU.ActiveCfg = Debug|Any CPU
		{9C9D6260-E638-46A0-977A-A27F0F30993B}.Debug|Any CPU.Build.0 = Debug|Any CPU
		{9C9D6260-E638-46A0-977A-A27F0F30993B}.Release|Any CPU.ActiveCfg = Release|Any CPU
		{9C9D6260-E638-46A0-977A-A27F0F30993B}.Release|Any CPU.Build.0 = Release|Any CPU
	EndGlobalSection
	GlobalSection(SolutionProperties) = preSolution
		HideSolutionNode = FALSE
	EndGlobalSection
	GlobalSection(NestedProjects) = preSolution
		{9C9D6260-E638-46A0-977A-A27F0F30993B} = {23F90412-4FAC-47EE-A82B-5173C3A62C84}
	EndGlobalSection
	GlobalSection(ExtensibilityGlobals) = postSolution
		SolutionGuid = {A86D9FE6-B828-42FD-8F98-944923EF5199}
	EndGlobalSection
EndGlobal
